// !$*UTF8*$!
{
	archiveVersion = 1;
	classes = {
	};
	objectVersion = 56;
	objects = {

/* Begin PBXBuildFile section */
		FB97232B28F6F47000D59D63 /* AppDelegate.swift in Sources */ = {isa = PBXBuildFile; fileRef = FB97232A28F6F47000D59D63 /* AppDelegate.swift */; };
		FB97232D28F6F47000D59D63 /* SceneDelegate.swift in Sources */ = {isa = PBXBuildFile; fileRef = FB97232C28F6F47000D59D63 /* SceneDelegate.swift */; };
		FB97232F28F6F47000D59D63 /* ViewController.swift in Sources */ = {isa = PBXBuildFile; fileRef = FB97232E28F6F47000D59D63 /* ViewController.swift */; };
		FB97233228F6F47000D59D63 /* Main.storyboard in Resources */ = {isa = PBXBuildFile; fileRef = FB97233028F6F47000D59D63 /* Main.storyboard */; };
		FB97233428F6F47100D59D63 /* Assets.xcassets in Resources */ = {isa = PBXBuildFile; fileRef = FB97233328F6F47100D59D63 /* Assets.xcassets */; };
		FB97233728F6F47100D59D63 /* LaunchScreen.storyboard in Resources */ = {isa = PBXBuildFile; fileRef = FB97233528F6F47100D59D63 /* LaunchScreen.storyboard */; };
		FB97234228F6F47100D59D63 /* baseDatosLocalTests.swift in Sources */ = {isa = PBXBuildFile; fileRef = FB97234128F6F47100D59D63 /* baseDatosLocalTests.swift */; };
		FB97234C28F6F47100D59D63 /* baseDatosLocalUITests.swift in Sources */ = {isa = PBXBuildFile; fileRef = FB97234B28F6F47100D59D63 /* baseDatosLocalUITests.swift */; };
		FB97234E28F6F47100D59D63 /* baseDatosLocalUITestsLaunchTests.swift in Sources */ = {isa = PBXBuildFile; fileRef = FB97234D28F6F47100D59D63 /* baseDatosLocalUITestsLaunchTests.swift */; };
		FB97235C28F6FB4900D59D63 /* Realm in Frameworks */ = {isa = PBXBuildFile; productRef = FB97235B28F6FB4900D59D63 /* Realm */; };
		FB97235E28F6FB4900D59D63 /* RealmSwift in Frameworks */ = {isa = PBXBuildFile; productRef = FB97235D28F6FB4900D59D63 /* RealmSwift */; };
/* End PBXBuildFile section */

/* Begin PBXContainerItemProxy section */
		FB97233E28F6F47100D59D63 /* PBXContainerItemProxy */ = {
			isa = PBXContainerItemProxy;
			containerPortal = FB97231F28F6F47000D59D63 /* Project object */;
			proxyType = 1;
			remoteGlobalIDString = FB97232628F6F47000D59D63;
			remoteInfo = baseDatosLocal;
		};
		FB97234828F6F47100D59D63 /* PBXContainerItemProxy */ = {
			isa = PBXContainerItemProxy;
			containerPortal = FB97231F28F6F47000D59D63 /* Project object */;
			proxyType = 1;
			remoteGlobalIDString = FB97232628F6F47000D59D63;
			remoteInfo = baseDatosLocal;
		};
/* End PBXContainerItemProxy section */

/* Begin PBXFileReference section */
		FB97232728F6F47000D59D63 /* baseDatosLocal.app */ = {isa = PBXFileReference; explicitFileType = wrapper.application; includeInIndex = 0; path = baseDatosLocal.app; sourceTree = BUILT_PRODUCTS_DIR; };
		FB97232A28F6F47000D59D63 /* AppDelegate.swift */ = {isa = PBXFileReference; lastKnownFileType = sourcecode.swift; path = AppDelegate.swift; sourceTree = "<group>"; };
		FB97232C28F6F47000D59D63 /* SceneDelegate.swift */ = {isa = PBXFileReference; lastKnownFileType = sourcecode.swift; path = SceneDelegate.swift; sourceTree = "<group>"; };
		FB97232E28F6F47000D59D63 /* ViewController.swift */ = {isa = PBXFileReference; lastKnownFileType = sourcecode.swift; path = ViewController.swift; sourceTree = "<group>"; };
		FB97233128F6F47000D59D63 /* Base */ = {isa = PBXFileReference; lastKnownFileType = file.storyboard; name = Base; path = Base.lproj/Main.storyboard; sourceTree = "<group>"; };
		FB97233328F6F47100D59D63 /* Assets.xcassets */ = {isa = PBXFileReference; lastKnownFileType = folder.assetcatalog; path = Assets.xcassets; sourceTree = "<group>"; };
		FB97233628F6F47100D59D63 /* Base */ = {isa = PBXFileReference; lastKnownFileType = file.storyboard; name = Base; path = Base.lproj/LaunchScreen.storyboard; sourceTree = "<group>"; };
		FB97233828F6F47100D59D63 /* Info.plist */ = {isa = PBXFileReference; lastKnownFileType = text.plist.xml; path = Info.plist; sourceTree = "<group>"; };
		FB97233D28F6F47100D59D63 /* baseDatosLocalTests.xctest */ = {isa = PBXFileReference; explicitFileType = wrapper.cfbundle; includeInIndex = 0; path = baseDatosLocalTests.xctest; sourceTree = BUILT_PRODUCTS_DIR; };
		FB97234128F6F47100D59D63 /* baseDatosLocalTests.swift */ = {isa = PBXFileReference; lastKnownFileType = sourcecode.swift; path = baseDatosLocalTests.swift; sourceTree = "<group>"; };
		FB97234728F6F47100D59D63 /* baseDatosLocalUITests.xctest */ = {isa = PBXFileReference; explicitFileType = wrapper.cfbundle; includeInIndex = 0; path = baseDatosLocalUITests.xctest; sourceTree = BUILT_PRODUCTS_DIR; };
		FB97234B28F6F47100D59D63 /* baseDatosLocalUITests.swift */ = {isa = PBXFileReference; lastKnownFileType = sourcecode.swift; path = baseDatosLocalUITests.swift; sourceTree = "<group>"; };
		FB97234D28F6F47100D59D63 /* baseDatosLocalUITestsLaunchTests.swift */ = {isa = PBXFileReference; lastKnownFileType = sourcecode.swift; path = baseDatosLocalUITestsLaunchTests.swift; sourceTree = "<group>"; };
/* End PBXFileReference section */

/* Begin PBXFrameworksBuildPhase section */
		FB97232428F6F47000D59D63 /* Frameworks */ = {
			isa = PBXFrameworksBuildPhase;
			buildActionMask = 2147483647;
			files = (
				FB97235E28F6FB4900D59D63 /* RealmSwift in Frameworks */,
				FB97235C28F6FB4900D59D63 /* Realm in Frameworks */,
			);
			runOnlyForDeploymentPostprocessing = 0;
		};
		FB97233A28F6F47100D59D63 /* Frameworks */ = {
			isa = PBXFrameworksBuildPhase;
			buildActionMask = 2147483647;
			files = (
			);
			runOnlyForDeploymentPostprocessing = 0;
		};
		FB97234428F6F47100D59D63 /* Frameworks */ = {
			isa = PBXFrameworksBuildPhase;
			buildActionMask = 2147483647;
			files = (
			);
			runOnlyForDeploymentPostprocessing = 0;
		};
/* End PBXFrameworksBuildPhase section */

/* Begin PBXGroup section */
		FB97231E28F6F47000D59D63 = {
			isa = PBXGroup;
			children = (
				FB97232928F6F47000D59D63 /* baseDatosLocal */,
				FB97234028F6F47100D59D63 /* baseDatosLocalTests */,
				FB97234A28F6F47100D59D63 /* baseDatosLocalUITests */,
				FB97232828F6F47000D59D63 /* Products */,
			);
			sourceTree = "<group>";
		};
		FB97232828F6F47000D59D63 /* Products */ = {
			isa = PBXGroup;
			children = (
				FB97232728F6F47000D59D63 /* baseDatosLocal.app */,
				FB97233D28F6F47100D59D63 /* baseDatosLocalTests.xctest */,
				FB97234728F6F47100D59D63 /* baseDatosLocalUITests.xctest */,
			);
			name = Products;
			sourceTree = "<group>";
		};
		FB97232928F6F47000D59D63 /* baseDatosLocal */ = {
			isa = PBXGroup;
			children = (
				FB97232A28F6F47000D59D63 /* AppDelegate.swift */,
				FB97232C28F6F47000D59D63 /* SceneDelegate.swift */,
				FB97232E28F6F47000D59D63 /* ViewController.swift */,
				FB97233028F6F47000D59D63 /* Main.storyboard */,
				FB97233328F6F47100D59D63 /* Assets.xcassets */,
				FB97233528F6F47100D59D63 /* LaunchScreen.storyboard */,
				FB97233828F6F47100D59D63 /* Info.plist */,
			);
			path = baseDatosLocal;
			sourceTree = "<group>";
		};
		FB97234028F6F47100D59D63 /* baseDatosLocalTests */ = {
			isa = PBXGroup;
			children = (
				FB97234128F6F47100D59D63 /* baseDatosLocalTests.swift */,
			);
			path = baseDatosLocalTests;
			sourceTree = "<group>";
		};
		FB97234A28F6F47100D59D63 /* baseDatosLocalUITests */ = {
			isa = PBXGroup;
			children = (
				FB97234B28F6F47100D59D63 /* baseDatosLocalUITests.swift */,
				FB97234D28F6F47100D59D63 /* baseDatosLocalUITestsLaunchTests.swift */,
			);
			path = baseDatosLocalUITests;
			sourceTree = "<group>";
		};
/* End PBXGroup section */

/* Begin PBXNativeTarget section */
		FB97232628F6F47000D59D63 /* baseDatosLocal */ = {
			isa = PBXNativeTarget;
			buildConfigurationList = FB97235128F6F47100D59D63 /* Build configuration list for PBXNativeTarget "baseDatosLocal" */;
			buildPhases = (
				FB97232328F6F47000D59D63 /* Sources */,
				FB97232428F6F47000D59D63 /* Frameworks */,
				FB97232528F6F47000D59D63 /* Resources */,
			);
			buildRules = (
			);
			dependencies = (
			);
			name = baseDatosLocal;
			packageProductDependencies = (
				FB97235B28F6FB4900D59D63 /* Realm */,
				FB97235D28F6FB4900D59D63 /* RealmSwift */,
			);
			productName = baseDatosLocal;
			productReference = FB97232728F6F47000D59D63 /* baseDatosLocal.app */;
			productType = "com.apple.product-type.application";
		};
		FB97233C28F6F47100D59D63 /* baseDatosLocalTests */ = {
			isa = PBXNativeTarget;
			buildConfigurationList = FB97235428F6F47100D59D63 /* Build configuration list for PBXNativeTarget "baseDatosLocalTests" */;
			buildPhases = (
				FB97233928F6F47100D59D63 /* Sources */,
				FB97233A28F6F47100D59D63 /* Frameworks */,
				FB97233B28F6F47100D59D63 /* Resources */,
			);
			buildRules = (
			);
			dependencies = (
				FB97233F28F6F47100D59D63 /* PBXTargetDependency */,
			);
			name = baseDatosLocalTests;
			productName = baseDatosLocalTests;
			productReference = FB97233D28F6F47100D59D63 /* baseDatosLocalTests.xctest */;
			productType = "com.apple.product-type.bundle.unit-test";
		};
		FB97234628F6F47100D59D63 /* baseDatosLocalUITests */ = {
			isa = PBXNativeTarget;
			buildConfigurationList = FB97235728F6F47100D59D63 /* Build configuration list for PBXNativeTarget "baseDatosLocalUITests" */;
			buildPhases = (
				FB97234328F6F47100D59D63 /* Sources */,
				FB97234428F6F47100D59D63 /* Frameworks */,
				FB97234528F6F47100D59D63 /* Resources */,
			);
			buildRules = (
			);
			dependencies = (
				FB97234928F6F47100D59D63 /* PBXTargetDependency */,
			);
			name = baseDatosLocalUITests;
			productName = baseDatosLocalUITests;
			productReference = FB97234728F6F47100D59D63 /* baseDatosLocalUITests.xctest */;
			productType = "com.apple.product-type.bundle.ui-testing";
		};
/* End PBXNativeTarget section */

/* Begin PBXProject section */
		FB97231F28F6F47000D59D63 /* Project object */ = {
			isa = PBXProject;
			attributes = {
				BuildIndependentTargetsInParallel = 1;
				LastSwiftUpdateCheck = 1400;
				LastUpgradeCheck = 1400;
				TargetAttributes = {
					FB97232628F6F47000D59D63 = {
						CreatedOnToolsVersion = 14.0;
					};
					FB97233C28F6F47100D59D63 = {
						CreatedOnToolsVersion = 14.0;
						TestTargetID = FB97232628F6F47000D59D63;
					};
					FB97234628F6F47100D59D63 = {
						CreatedOnToolsVersion = 14.0;
						TestTargetID = FB97232628F6F47000D59D63;
					};
				};
			};
			buildConfigurationList = FB97232228F6F47000D59D63 /* Build configuration list for PBXProject "baseDatosLocal" */;
			compatibilityVersion = "Xcode 14.0";
			developmentRegion = en;
			hasScannedForEncodings = 0;
			knownRegions = (
				en,
				Base,
			);
			mainGroup = FB97231E28F6F47000D59D63;
			packageReferences = (
				FB97235A28F6FB4900D59D63 /* XCRemoteSwiftPackageReference "realm-swift" */,
			);
			productRefGroup = FB97232828F6F47000D59D63 /* Products */;
			projectDirPath = "";
			projectRoot = "";
			targets = (
				FB97232628F6F47000D59D63 /* baseDatosLocal */,
				FB97233C28F6F47100D59D63 /* baseDatosLocalTests */,
				FB97234628F6F47100D59D63 /* baseDatosLocalUITests */,
			);
		};
/* End PBXProject section */

/* Begin PBXResourcesBuildPhase section */
		FB97232528F6F47000D59D63 /* Resources */ = {
			isa = PBXResourcesBuildPhase;
			buildActionMask = 2147483647;
			files = (
				FB97233728F6F47100D59D63 /* LaunchScreen.storyboard in Resources */,
				FB97233428F6F47100D59D63 /* Assets.xcassets in Resources */,
				FB97233228F6F47000D59D63 /* Main.storyboard in Resources */,
			);
			runOnlyForDeploymentPostprocessing = 0;
		};
		FB97233B28F6F47100D59D63 /* Resources */ = {
			isa = PBXResourcesBuildPhase;
			buildActionMask = 2147483647;
			files = (
			);
			runOnlyForDeploymentPostprocessing = 0;
		};
		FB97234528F6F47100D59D63 /* Resources */ = {
			isa = PBXResourcesBuildPhase;
			buildActionMask = 2147483647;
			files = (
			);
			runOnlyForDeploymentPostprocessing = 0;
		};
/* End PBXResourcesBuildPhase section */

/* Begin PBXSourcesBuildPhase section */
		FB97232328F6F47000D59D63 /* Sources */ = {
			isa = PBXSourcesBuildPhase;
			buildActionMask = 2147483647;
			files = (
				FB97232F28F6F47000D59D63 /* ViewController.swift in Sources */,
				FB97232B28F6F47000D59D63 /* AppDelegate.swift in Sources */,
				FB97232D28F6F47000D59D63 /* SceneDelegate.swift in Sources */,
			);
			runOnlyForDeploymentPostprocessing = 0;
		};
		FB97233928F6F47100D59D63 /* Sources */ = {
			isa = PBXSourcesBuildPhase;
			buildActionMask = 2147483647;
			files = (
				FB97234228F6F47100D59D63 /* baseDatosLocalTests.swift in Sources */,
			);
			runOnlyForDeploymentPostprocessing = 0;
		};
		FB97234328F6F47100D59D63 /* Sources */ = {
			isa = PBXSourcesBuildPhase;
			buildActionMask = 2147483647;
			files = (
				FB97234C28F6F47100D59D63 /* baseDatosLocalUITests.swift in Sources */,
				FB97234E28F6F47100D59D63 /* baseDatosLocalUITestsLaunchTests.swift in Sources */,
			);
			runOnlyForDeploymentPostprocessing = 0;
		};
/* End PBXSourcesBuildPhase section */

/* Begin PBXTargetDependency section */
		FB97233F28F6F47100D59D63 /* PBXTargetDependency */ = {
			isa = PBXTargetDependency;
			target = FB97232628F6F47000D59D63 /* baseDatosLocal */;
			targetProxy = FB97233E28F6F47100D59D63 /* PBXContainerItemProxy */;
		};
		FB97234928F6F47100D59D63 /* PBXTargetDependency */ = {
			isa = PBXTargetDependency;
			target = FB97232628F6F47000D59D63 /* baseDatosLocal */;
			targetProxy = FB97234828F6F47100D59D63 /* PBXContainerItemProxy */;
		};
/* End PBXTargetDependency section */

/* Begin PBXVariantGroup section */
		FB97233028F6F47000D59D63 /* Main.storyboard */ = {
			isa = PBXVariantGroup;
			children = (
				FB97233128F6F47000D59D63 /* Base */,
			);
			name = Main.storyboard;
			sourceTree = "<group>";
		};
		FB97233528F6F47100D59D63 /* LaunchScreen.storyboard */ = {
			isa = PBXVariantGroup;
			children = (
				FB97233628F6F47100D59D63 /* Base */,
			);
			name = LaunchScreen.storyboard;
			sourceTree = "<group>";
		};
/* End PBXVariantGroup section */

/* Begin XCBuildConfiguration section */
		FB97234F28F6F47100D59D63 /* Debug */ = {
			isa = XCBuildConfiguration;
			buildSettings = {
				ALWAYS_SEARCH_USER_PATHS = NO;
				CLANG_ANALYZER_NONNULL = YES;
				CLANG_ANALYZER_NUMBER_OBJECT_CONVERSION = YES_AGGRESSIVE;
				CLANG_CXX_LANGUAGE_STANDARD = "gnu++20";
				CLANG_ENABLE_MODULES = YES;
				CLANG_ENABLE_OBJC_ARC = YES;
				CLANG_ENABLE_OBJC_WEAK = YES;
				CLANG_WARN_BLOCK_CAPTURE_AUTORELEASING = YES;
				CLANG_WARN_BOOL_CONVERSION = YES;
				CLANG_WARN_COMMA = YES;
				CLANG_WARN_CONSTANT_CONVERSION = YES;
				CLANG_WARN_DEPRECATED_OBJC_IMPLEMENTATIONS = YES;
				CLANG_WARN_DIRECT_OBJC_ISA_USAGE = YES_ERROR;
				CLANG_WARN_DOCUMENTATION_COMMENTS = YES;
				CLANG_WARN_EMPTY_BODY = YES;
				CLANG_WARN_ENUM_CONVERSION = YES;
				CLANG_WARN_INFINITE_RECURSION = YES;
				CLANG_WARN_INT_CONVERSION = YES;
				CLANG_WARN_NON_LITERAL_NULL_CONVERSION = YES;
				CLANG_WARN_OBJC_IMPLICIT_RETAIN_SELF = YES;
				CLANG_WARN_OBJC_LITERAL_CONVERSION = YES;
				CLANG_WARN_OBJC_ROOT_CLASS = YES_ERROR;
				CLANG_WARN_QUOTED_INCLUDE_IN_FRAMEWORK_HEADER = YES;
				CLANG_WARN_RANGE_LOOP_ANALYSIS = YES;
				CLANG_WARN_STRICT_PROTOTYPES = YES;
				CLANG_WARN_SUSPICIOUS_MOVE = YES;
				CLANG_WARN_UNGUARDED_AVAILABILITY = YES_AGGRESSIVE;
				CLANG_WARN_UNREACHABLE_CODE = YES;
				CLANG_WARN__DUPLICATE_METHOD_MATCH = YES;
				COPY_PHASE_STRIP = NO;
				DEBUG_INFORMATION_FORMAT = dwarf;
				ENABLE_STRICT_OBJC_MSGSEND = YES;
				ENABLE_TESTABILITY = YES;
				GCC_C_LANGUAGE_STANDARD = gnu11;
				GCC_DYNAMIC_NO_PIC = NO;
				GCC_NO_COMMON_BLOCKS = YES;
				GCC_OPTIMIZATION_LEVEL = 0;
				GCC_PREPROCESSOR_DEFINITIONS = (
					"DEBUG=1",
					"$(inherited)",
				);
				GCC_WARN_64_TO_32_BIT_CONVERSION = YES;
				GCC_WARN_ABOUT_RETURN_TYPE = YES_ERROR;
				GCC_WARN_UNDECLARED_SELECTOR = YES;
				GCC_WARN_UNINITIALIZED_AUTOS = YES_AGGRESSIVE;
				GCC_WARN_UNUSED_FUNCTION = YES;
				GCC_WARN_UNUSED_VARIABLE = YES;
				IPHONEOS_DEPLOYMENT_TARGET = 16.0;
				MTL_ENABLE_DEBUG_INFO = INCLUDE_SOURCE;
				MTL_FAST_MATH = YES;
				ONLY_ACTIVE_ARCH = YES;
				SDKROOT = iphoneos;
				SWIFT_ACTIVE_COMPILATION_CONDITIONS = DEBUG;
				SWIFT_OPTIMIZATION_LEVEL = "-Onone";
			};
			name = Debug;
		};
		FB97235028F6F47100D59D63 /* Release */ = {
			isa = XCBuildConfiguration;
			buildSettings = {
				ALWAYS_SEARCH_USER_PATHS = NO;
				CLANG_ANALYZER_NONNULL = YES;
				CLANG_ANALYZER_NUMBER_OBJECT_CONVERSION = YES_AGGRESSIVE;
				CLANG_CXX_LANGUAGE_STANDARD = "gnu++20";
				CLANG_ENABLE_MODULES = YES;
				CLANG_ENABLE_OBJC_ARC = YES;
				CLANG_ENABLE_OBJC_WEAK = YES;
				CLANG_WARN_BLOCK_CAPTURE_AUTORELEASING = YES;
				CLANG_WARN_BOOL_CONVERSION = YES;
				CLANG_WARN_COMMA = YES;
				CLANG_WARN_CONSTANT_CONVERSION = YES;
				CLANG_WARN_DEPRECATED_OBJC_IMPLEMENTATIONS = YES;
				CLANG_WARN_DIRECT_OBJC_ISA_USAGE = YES_ERROR;
				CLANG_WARN_DOCUMENTATION_COMMENTS = YES;
				CLANG_WARN_EMPTY_BODY = YES;
				CLANG_WARN_ENUM_CONVERSION = YES;
				CLANG_WARN_INFINITE_RECURSION = YES;
				CLANG_WARN_INT_CONVERSION = YES;
				CLANG_WARN_NON_LITERAL_NULL_CONVERSION = YES;
				CLANG_WARN_OBJC_IMPLICIT_RETAIN_SELF = YES;
				CLANG_WARN_OBJC_LITERAL_CONVERSION = YES;
				CLANG_WARN_OBJC_ROOT_CLASS = YES_ERROR;
				CLANG_WARN_QUOTED_INCLUDE_IN_FRAMEWORK_HEADER = YES;
				CLANG_WARN_RANGE_LOOP_ANALYSIS = YES;
				CLANG_WARN_STRICT_PROTOTYPES = YES;
				CLANG_WARN_SUSPICIOUS_MOVE = YES;
				CLANG_WARN_UNGUARDED_AVAILABILITY = YES_AGGRESSIVE;
				CLANG_WARN_UNREACHABLE_CODE = YES;
				CLANG_WARN__DUPLICATE_METHOD_MATCH = YES;
				COPY_PHASE_STRIP = NO;
				DEBUG_INFORMATION_FORMAT = "dwarf-with-dsym";
				ENABLE_NS_ASSERTIONS = NO;
				ENABLE_STRICT_OBJC_MSGSEND = YES;
				GCC_C_LANGUAGE_STANDARD = gnu11;
				GCC_NO_COMMON_BLOCKS = YES;
				GCC_WARN_64_TO_32_BIT_CONVERSION = YES;
				GCC_WARN_ABOUT_RETURN_TYPE = YES_ERROR;
				GCC_WARN_UNDECLARED_SELECTOR = YES;
				GCC_WARN_UNINITIALIZED_AUTOS = YES_AGGRESSIVE;
				GCC_WARN_UNUSED_FUNCTION = YES;
				GCC_WARN_UNUSED_VARIABLE = YES;
				IPHONEOS_DEPLOYMENT_TARGET = 16.0;
				MTL_ENABLE_DEBUG_INFO = NO;
				MTL_FAST_MATH = YES;
				SDKROOT = iphoneos;
				SWIFT_COMPILATION_MODE = wholemodule;
				SWIFT_OPTIMIZATION_LEVEL = "-O";
				VALIDATE_PRODUCT = YES;
			};
			name = Release;
		};
		FB97235228F6F47100D59D63 /* Debug */ = {
			isa = XCBuildConfiguration;
			buildSettings = {
				ASSETCATALOG_COMPILER_APPICON_NAME = AppIcon;
				ASSETCATALOG_COMPILER_GLOBAL_ACCENT_COLOR_NAME = AccentColor;
				CODE_SIGN_STYLE = Automatic;
				CURRENT_PROJECT_VERSION = 1;
				GENERATE_INFOPLIST_FILE = YES;
				INFOPLIST_FILE = baseDatosLocal/Info.plist;
				INFOPLIST_KEY_UIApplicationSupportsIndirectInputEvents = YES;
				INFOPLIST_KEY_UILaunchStoryboardName = LaunchScreen;
				INFOPLIST_KEY_UIMainStoryboardFile = Main;
				INFOPLIST_KEY_UISupportedInterfaceOrientations_iPad = "UIInterfaceOrientationPortrait UIInterfaceOrientationPortraitUpsideDown UIInterfaceOrientationLandscapeLeft UIInterfaceOrientationLandscapeRight";
				INFOPLIST_KEY_UISupportedInterfaceOrientations_iPhone = "UIInterfaceOrientationPortrait UIInterfaceOrientationLandscapeLeft UIInterfaceOrientationLandscapeRight";
				LD_RUNPATH_SEARCH_PATHS = (
					"$(inherited)",
					"@executable_path/Frameworks",
				);
				MARKETING_VERSION = 1.0;
				PRODUCT_BUNDLE_IDENTIFIER = A01236054.baseDatosLocal;
				PRODUCT_NAME = "$(TARGET_NAME)";
				SWIFT_EMIT_LOC_STRINGS = YES;
				SWIFT_VERSION = 5.0;
				TARGETED_DEVICE_FAMILY = "1,2";
			};
			name = Debug;
		};
		FB97235328F6F47100D59D63 /* Release */ = {
			isa = XCBuildConfiguration;
			buildSettings = {
				ASSETCATALOG_COMPILER_APPICON_NAME = AppIcon;
				ASSETCATALOG_COMPILER_GLOBAL_ACCENT_COLOR_NAME = AccentColor;
				CODE_SIGN_STYLE = Automatic;
				CURRENT_PROJECT_VERSION = 1;
				GENERATE_INFOPLIST_FILE = YES;
				INFOPLIST_FILE = baseDatosLocal/Info.plist;
				INFOPLIST_KEY_UIApplicationSupportsIndirectInputEvents = YES;
				INFOPLIST_KEY_UILaunchStoryboardName = LaunchScreen;
				INFOPLIST_KEY_UIMainStoryboardFile = Main;
				INFOPLIST_KEY_UISupportedInterfaceOrientations_iPad = "UIInterfaceOrientationPortrait UIInterfaceOrientationPortraitUpsideDown UIInterfaceOrientationLandscapeLeft UIInterfaceOrientationLandscapeRight";
				INFOPLIST_KEY_UISupportedInterfaceOrientations_iPhone = "UIInterfaceOrientationPortrait UIInterfaceOrientationLandscapeLeft UIInterfaceOrientationLandscapeRight";
				LD_RUNPATH_SEARCH_PATHS = (
					"$(inherited)",
					"@executable_path/Frameworks",
				);
				MARKETING_VERSION = 1.0;
				PRODUCT_BUNDLE_IDENTIFIER = A01236054.baseDatosLocal;
				PRODUCT_NAME = "$(TARGET_NAME)";
				SWIFT_EMIT_LOC_STRINGS = YES;
				SWIFT_VERSION = 5.0;
				TARGETED_DEVICE_FAMILY = "1,2";
			};
			name = Release;
		};
		FB97235528F6F47100D59D63 /* Debug */ = {
			isa = XCBuildConfiguration;
			buildSettings = {
				ALWAYS_EMBED_SWIFT_STANDARD_LIBRARIES = YES;
				BUNDLE_LOADER = "$(TEST_HOST)";
				CODE_SIGN_STYLE = Automatic;
				CURRENT_PROJECT_VERSION = 1;
				GENERATE_INFOPLIST_FILE = YES;
				IPHONEOS_DEPLOYMENT_TARGET = 16.0;
				MARKETING_VERSION = 1.0;
				PRODUCT_BUNDLE_IDENTIFIER = A01236054.baseDatosLocalTests;
				PRODUCT_NAME = "$(TARGET_NAME)";
				SWIFT_EMIT_LOC_STRINGS = NO;
				SWIFT_VERSION = 5.0;
				TARGETED_DEVICE_FAMILY = "1,2";
				TEST_HOST = "$(BUILT_PRODUCTS_DIR)/baseDatosLocal.app/$(BUNDLE_EXECUTABLE_FOLDER_PATH)/baseDatosLocal";
			};
			name = Debug;
		};
		FB97235628F6F47100D59D63 /* Release */ = {
			isa = XCBuildConfiguration;
			buildSettings = {
				ALWAYS_EMBED_SWIFT_STANDARD_LIBRARIES = YES;
				BUNDLE_LOADER = "$(TEST_HOST)";
				CODE_SIGN_STYLE = Automatic;
				CURRENT_PROJECT_VERSION = 1;
				GENERATE_INFOPLIST_FILE = YES;
				IPHONEOS_DEPLOYMENT_TARGET = 16.0;
				MARKETING_VERSION = 1.0;
				PRODUCT_BUNDLE_IDENTIFIER = A01236054.baseDatosLocalTests;
				PRODUCT_NAME = "$(TARGET_NAME)";
				SWIFT_EMIT_LOC_STRINGS = NO;
				SWIFT_VERSION = 5.0;
				TARGETED_DEVICE_FAMILY = "1,2";
				TEST_HOST = "$(BUILT_PRODUCTS_DIR)/baseDatosLocal.app/$(BUNDLE_EXECUTABLE_FOLDER_PATH)/baseDatosLocal";
			};
			name = Release;
		};
		FB97235828F6F47100D59D63 /* Debug */ = {
			isa = XCBuildConfiguration;
			buildSettings = {
				ALWAYS_EMBED_SWIFT_STANDARD_LIBRARIES = YES;
				CODE_SIGN_STYLE = Automatic;
				CURRENT_PROJECT_VERSION = 1;
				GENERATE_INFOPLIST_FILE = YES;
				MARKETING_VERSION = 1.0;
				PRODUCT_BUNDLE_IDENTIFIER = A01236054.baseDatosLocalUITests;
				PRODUCT_NAME = "$(TARGET_NAME)";
				SWIFT_EMIT_LOC_STRINGS = NO;
				SWIFT_VERSION = 5.0;
				TARGETED_DEVICE_FAMILY = "1,2";
				TEST_TARGET_NAME = baseDatosLocal;
			};
			name = Debug;
		};
		FB97235928F6F47100D59D63 /* Release */ = {
			isa = XCBuildConfiguration;
			buildSettings = {
				ALWAYS_EMBED_SWIFT_STANDARD_LIBRARIES = YES;
				CODE_SIGN_STYLE = Automatic;
				CURRENT_PROJECT_VERSION = 1;
				GENERATE_INFOPLIST_FILE = YES;
				MARKETING_VERSION = 1.0;
				PRODUCT_BUNDLE_IDENTIFIER = A01236054.baseDatosLocalUITests;
				PRODUCT_NAME = "$(TARGET_NAME)";
				SWIFT_EMIT_LOC_STRINGS = NO;
				SWIFT_VERSION = 5.0;
				TARGETED_DEVICE_FAMILY = "1,2";
				TEST_TARGET_NAME = baseDatosLocal;
			};
			name = Release;
		};
/* End XCBuildConfiguration section */

/* Begin XCConfigurationList section */
		FB97232228F6F47000D59D63 /* Build configuration list for PBXProject "baseDatosLocal" */ = {
			isa = XCConfigurationList;
			buildConfigurations = (
				FB97234F28F6F47100D59D63 /* Debug */,
				FB97235028F6F47100D59D63 /* Release */,
			);
			defaultConfigurationIsVisible = 0;
			defaultConfigurationName = Release;
		};
		FB97235128F6F47100D59D63 /* Build configuration list for PBXNativeTarget "baseDatosLocal" */ = {
			isa = XCConfigurationList;
			buildConfigurations = (
				FB97235228F6F47100D59D63 /* Debug */,
				FB97235328F6F47100D59D63 /* Release */,
			);
			defaultConfigurationIsVisible = 0;
			defaultConfigurationName = Release;
		};
		FB97235428F6F47100D59D63 /* Build configuration list for PBXNativeTarget "baseDatosLocalTests" */ = {
			isa = XCConfigurationList;
			buildConfigurations = (
				FB97235528F6F47100D59D63 /* Debug */,
				FB97235628F6F47100D59D63 /* Release */,
			);
			defaultConfigurationIsVisible = 0;
			defaultConfigurationName = Release;
		};
		FB97235728F6F47100D59D63 /* Build configuration list for PBXNativeTarget "baseDatosLocalUITests" */ = {
			isa = XCConfigurationList;
			buildConfigurations = (
				FB97235828F6F47100D59D63 /* Debug */,
				FB97235928F6F47100D59D63 /* Release */,
			);
			defaultConfigurationIsVisible = 0;
			defaultConfigurationName = Release;
		};
/* End XCConfigurationList section */

/* Begin XCRemoteSwiftPackageReference section */
		FB97235A28F6FB4900D59D63 /* XCRemoteSwiftPackageReference "realm-swift" */ = {
			isa = XCRemoteSwiftPackageReference;
			repositoryURL = "https://github.com/realm/realm-swift.git";
			requirement = {
				branch = master;
				kind = branch;
			};
		};
/* End XCRemoteSwiftPackageReference section */

/* Begin XCSwiftPackageProductDependency section */
		FB97235B28F6FB4900D59D63 /* Realm */ = {
			isa = XCSwiftPackageProductDependency;
			package = FB97235A28F6FB4900D59D63 /* XCRemoteSwiftPackageReference "realm-swift" */;
			productName = Realm;
		};
		FB97235D28F6FB4900D59D63 /* RealmSwift */ = {
			isa = XCSwiftPackageProductDependency;
			package = FB97235A28F6FB4900D59D63 /* XCRemoteSwiftPackageReference "realm-swift" */;
			productName = RealmSwift;
		};
/* End XCSwiftPackageProductDependency section */
	};
	rootObject = FB97231F28F6F47000D59D63 /* Project object */;
}
