// !$*UTF8*$!
{
	archiveVersion = 1;
	classes = {
	};
	objectVersion = 56;
	objects = {

/* Begin PBXBuildFile section */
		FB7A4EE52902DA1D000F49D3 /* ImagenViewController.swift in Sources */ = {isa = PBXBuildFile; fileRef = FB7A4EE42902DA1D000F49D3 /* ImagenViewController.swift */; };
		FBB1E50D2902CAE800D34131 /* AppDelegate.swift in Sources */ = {isa = PBXBuildFile; fileRef = FBB1E50C2902CAE800D34131 /* AppDelegate.swift */; };
		FBB1E50F2902CAE800D34131 /* SceneDelegate.swift in Sources */ = {isa = PBXBuildFile; fileRef = FBB1E50E2902CAE800D34131 /* SceneDelegate.swift */; };
		FBB1E5112902CAE800D34131 /* ViewController.swift in Sources */ = {isa = PBXBuildFile; fileRef = FBB1E5102902CAE800D34131 /* ViewController.swift */; };
		FBB1E5142902CAE800D34131 /* Main.storyboard in Resources */ = {isa = PBXBuildFile; fileRef = FBB1E5122902CAE800D34131 /* Main.storyboard */; };
		FBB1E5162902CAEA00D34131 /* Assets.xcassets in Resources */ = {isa = PBXBuildFile; fileRef = FBB1E5152902CAEA00D34131 /* Assets.xcassets */; };
		FBB1E5192902CAEA00D34131 /* LaunchScreen.storyboard in Resources */ = {isa = PBXBuildFile; fileRef = FBB1E5172902CAEA00D34131 /* LaunchScreen.storyboard */; };
		FBB1E5212902CF2F00D34131 /* Rana.mp4 in Resources */ = {isa = PBXBuildFile; fileRef = FBB1E5202902CF2F00D34131 /* Rana.mp4 */; };
		FBB1E5252902D37A00D34131 /* VideoViewController.swift in Sources */ = {isa = PBXBuildFile; fileRef = FBB1E5242902D37A00D34131 /* VideoViewController.swift */; };
/* End PBXBuildFile section */

/* Begin PBXFileReference section */
		FB7A4EE42902DA1D000F49D3 /* ImagenViewController.swift */ = {isa = PBXFileReference; lastKnownFileType = sourcecode.swift; path = ImagenViewController.swift; sourceTree = "<group>"; };
		FBB1E5092902CAE800D34131 /* appMultimedia.app */ = {isa = PBXFileReference; explicitFileType = wrapper.application; includeInIndex = 0; path = appMultimedia.app; sourceTree = BUILT_PRODUCTS_DIR; };
		FBB1E50C2902CAE800D34131 /* AppDelegate.swift */ = {isa = PBXFileReference; lastKnownFileType = sourcecode.swift; path = AppDelegate.swift; sourceTree = "<group>"; };
		FBB1E50E2902CAE800D34131 /* SceneDelegate.swift */ = {isa = PBXFileReference; lastKnownFileType = sourcecode.swift; path = SceneDelegate.swift; sourceTree = "<group>"; };
		FBB1E5102902CAE800D34131 /* ViewController.swift */ = {isa = PBXFileReference; lastKnownFileType = sourcecode.swift; path = ViewController.swift; sourceTree = "<group>"; };
		FBB1E5132902CAE800D34131 /* Base */ = {isa = PBXFileReference; lastKnownFileType = file.storyboard; name = Base; path = Base.lproj/Main.storyboard; sourceTree = "<group>"; };
		FBB1E5152902CAEA00D34131 /* Assets.xcassets */ = {isa = PBXFileReference; lastKnownFileType = folder.assetcatalog; path = Assets.xcassets; sourceTree = "<group>"; };
		FBB1E5182902CAEA00D34131 /* Base */ = {isa = PBXFileReference; lastKnownFileType = file.storyboard; name = Base; path = Base.lproj/LaunchScreen.storyboard; sourceTree = "<group>"; };
		FBB1E51A2902CAEA00D34131 /* Info.plist */ = {isa = PBXFileReference; lastKnownFileType = text.plist.xml; path = Info.plist; sourceTree = "<group>"; };
		FBB1E5202902CF2F00D34131 /* Rana.mp4 */ = {isa = PBXFileReference; lastKnownFileType = file; path = Rana.mp4; sourceTree = "<group>"; };
		FBB1E5242902D37A00D34131 /* VideoViewController.swift */ = {isa = PBXFileReference; lastKnownFileType = sourcecode.swift; path = VideoViewController.swift; sourceTree = "<group>"; };
/* End PBXFileReference section */

/* Begin PBXFrameworksBuildPhase section */
		FBB1E5062902CAE800D34131 /* Frameworks */ = {
			isa = PBXFrameworksBuildPhase;
			buildActionMask = 2147483647;
			files = (
			);
			runOnlyForDeploymentPostprocessing = 0;
		};
/* End PBXFrameworksBuildPhase section */

/* Begin PBXGroup section */
		FBB1E5002902CAE800D34131 = {
			isa = PBXGroup;
			children = (
				FBB1E5202902CF2F00D34131 /* Rana.mp4 */,
				FBB1E50B2902CAE800D34131 /* appMultimedia */,
				FBB1E50A2902CAE800D34131 /* Products */,
			);
			sourceTree = "<group>";
		};
		FBB1E50A2902CAE800D34131 /* Products */ = {
			isa = PBXGroup;
			children = (
				FBB1E5092902CAE800D34131 /* appMultimedia.app */,
			);
			name = Products;
			sourceTree = "<group>";
		};
		FBB1E50B2902CAE800D34131 /* appMultimedia */ = {
			isa = PBXGroup;
			children = (
				FBB1E50C2902CAE800D34131 /* AppDelegate.swift */,
				FBB1E50E2902CAE800D34131 /* SceneDelegate.swift */,
				FBB1E5102902CAE800D34131 /* ViewController.swift */,
				FBB1E5242902D37A00D34131 /* VideoViewController.swift */,
				FBB1E5122902CAE800D34131 /* Main.storyboard */,
				FBB1E5152902CAEA00D34131 /* Assets.xcassets */,
				FBB1E5172902CAEA00D34131 /* LaunchScreen.storyboard */,
				FBB1E51A2902CAEA00D34131 /* Info.plist */,
				FB7A4EE42902DA1D000F49D3 /* ImagenViewController.swift */,
			);
			path = appMultimedia;
			sourceTree = "<group>";
		};
/* End PBXGroup section */

/* Begin PBXNativeTarget section */
		FBB1E5082902CAE800D34131 /* appMultimedia */ = {
			isa = PBXNativeTarget;
			buildConfigurationList = FBB1E51D2902CAEA00D34131 /* Build configuration list for PBXNativeTarget "appMultimedia" */;
			buildPhases = (
				FBB1E5052902CAE800D34131 /* Sources */,
				FBB1E5062902CAE800D34131 /* Frameworks */,
				FBB1E5072902CAE800D34131 /* Resources */,
			);
			buildRules = (
			);
			dependencies = (
			);
			name = appMultimedia;
			productName = appMultimedia;
			productReference = FBB1E5092902CAE800D34131 /* appMultimedia.app */;
			productType = "com.apple.product-type.application";
		};
/* End PBXNativeTarget section */

/* Begin PBXProject section */
		FBB1E5012902CAE800D34131 /* Project object */ = {
			isa = PBXProject;
			attributes = {
				BuildIndependentTargetsInParallel = 1;
				LastSwiftUpdateCheck = 1400;
				LastUpgradeCheck = 1400;
				TargetAttributes = {
					FBB1E5082902CAE800D34131 = {
						CreatedOnToolsVersion = 14.0;
					};
				};
			};
			buildConfigurationList = FBB1E5042902CAE800D34131 /* Build configuration list for PBXProject "appMultimedia" */;
			compatibilityVersion = "Xcode 14.0";
			developmentRegion = en;
			hasScannedForEncodings = 0;
			knownRegions = (
				en,
				Base,
			);
			mainGroup = FBB1E5002902CAE800D34131;
			productRefGroup = FBB1E50A2902CAE800D34131 /* Products */;
			projectDirPath = "";
			projectRoot = "";
			targets = (
				FBB1E5082902CAE800D34131 /* appMultimedia */,
			);
		};
/* End PBXProject section */

/* Begin PBXResourcesBuildPhase section */
		FBB1E5072902CAE800D34131 /* Resources */ = {
			isa = PBXResourcesBuildPhase;
			buildActionMask = 2147483647;
			files = (
				FBB1E5212902CF2F00D34131 /* Rana.mp4 in Resources */,
				FBB1E5192902CAEA00D34131 /* LaunchScreen.storyboard in Resources */,
				FBB1E5162902CAEA00D34131 /* Assets.xcassets in Resources */,
				FBB1E5142902CAE800D34131 /* Main.storyboard in Resources */,
			);
			runOnlyForDeploymentPostprocessing = 0;
		};
/* End PBXResourcesBuildPhase section */

/* Begin PBXSourcesBuildPhase section */
		FBB1E5052902CAE800D34131 /* Sources */ = {
			isa = PBXSourcesBuildPhase;
			buildActionMask = 2147483647;
			files = (
				FBB1E5112902CAE800D34131 /* ViewController.swift in Sources */,
				FB7A4EE52902DA1D000F49D3 /* ImagenViewController.swift in Sources */,
				FBB1E50D2902CAE800D34131 /* AppDelegate.swift in Sources */,
				FBB1E5252902D37A00D34131 /* VideoViewController.swift in Sources */,
				FBB1E50F2902CAE800D34131 /* SceneDelegate.swift in Sources */,
			);
			runOnlyForDeploymentPostprocessing = 0;
		};
/* End PBXSourcesBuildPhase section */

/* Begin PBXVariantGroup section */
		FBB1E5122902CAE800D34131 /* Main.storyboard */ = {
			isa = PBXVariantGroup;
			children = (
				FBB1E5132902CAE800D34131 /* Base */,
			);
			name = Main.storyboard;
			sourceTree = "<group>";
		};
		FBB1E5172902CAEA00D34131 /* LaunchScreen.storyboard */ = {
			isa = PBXVariantGroup;
			children = (
				FBB1E5182902CAEA00D34131 /* Base */,
			);
			name = LaunchScreen.storyboard;
			sourceTree = "<group>";
		};
/* End PBXVariantGroup section */

/* Begin XCBuildConfiguration section */
		FBB1E51B2902CAEA00D34131 /* Debug */ = {
			isa = XCBuildConfiguration;
			buildSettings = {
				ALWAYS_SEARCH_USER_PATHS = NO;
				CLANG_ANALYZER_NONNULL = YES;
				CLANG_ANALYZER_NUMBER_OBJECT_CONVERSION = YES_AGGRESSIVE;
				CLANG_CXX_LANGUAGE_STANDARD = "gnu++20";
				CLANG_ENABLE_MODULES = YES;
				CLANG_ENABLE_OBJC_ARC = YES;
				CLANG_ENABLE_OBJC_WEAK = YES;
				CLANG_WARN_BLOCK_CAPTURE_AUTORELEASING = YES;
				CLANG_WARN_BOOL_CONVERSION = YES;
				CLANG_WARN_COMMA = YES;
				CLANG_WARN_CONSTANT_CONVERSION = YES;
				CLANG_WARN_DEPRECATED_OBJC_IMPLEMENTATIONS = YES;
				CLANG_WARN_DIRECT_OBJC_ISA_USAGE = YES_ERROR;
				CLANG_WARN_DOCUMENTATION_COMMENTS = YES;
				CLANG_WARN_EMPTY_BODY = YES;
				CLANG_WARN_ENUM_CONVERSION = YES;
				CLANG_WARN_INFINITE_RECURSION = YES;
				CLANG_WARN_INT_CONVERSION = YES;
				CLANG_WARN_NON_LITERAL_NULL_CONVERSION = YES;
				CLANG_WARN_OBJC_IMPLICIT_RETAIN_SELF = YES;
				CLANG_WARN_OBJC_LITERAL_CONVERSION = YES;
				CLANG_WARN_OBJC_ROOT_CLASS = YES_ERROR;
				CLANG_WARN_QUOTED_INCLUDE_IN_FRAMEWORK_HEADER = YES;
				CLANG_WARN_RANGE_LOOP_ANALYSIS = YES;
				CLANG_WARN_STRICT_PROTOTYPES = YES;
				CLANG_WARN_SUSPICIOUS_MOVE = YES;
				CLANG_WARN_UNGUARDED_AVAILABILITY = YES_AGGRESSIVE;
				CLANG_WARN_UNREACHABLE_CODE = YES;
				CLANG_WARN__DUPLICATE_METHOD_MATCH = YES;
				COPY_PHASE_STRIP = NO;
				DEBUG_INFORMATION_FORMAT = dwarf;
				ENABLE_STRICT_OBJC_MSGSEND = YES;
				ENABLE_TESTABILITY = YES;
				GCC_C_LANGUAGE_STANDARD = gnu11;
				GCC_DYNAMIC_NO_PIC = NO;
				GCC_NO_COMMON_BLOCKS = YES;
				GCC_OPTIMIZATION_LEVEL = 0;
				GCC_PREPROCESSOR_DEFINITIONS = (
					"DEBUG=1",
					"$(inherited)",
				);
				GCC_WARN_64_TO_32_BIT_CONVERSION = YES;
				GCC_WARN_ABOUT_RETURN_TYPE = YES_ERROR;
				GCC_WARN_UNDECLARED_SELECTOR = YES;
				GCC_WARN_UNINITIALIZED_AUTOS = YES_AGGRESSIVE;
				GCC_WARN_UNUSED_FUNCTION = YES;
				GCC_WARN_UNUSED_VARIABLE = YES;
				IPHONEOS_DEPLOYMENT_TARGET = 16.0;
				MTL_ENABLE_DEBUG_INFO = INCLUDE_SOURCE;
				MTL_FAST_MATH = YES;
				ONLY_ACTIVE_ARCH = YES;
				SDKROOT = iphoneos;
				SWIFT_ACTIVE_COMPILATION_CONDITIONS = DEBUG;
				SWIFT_OPTIMIZATION_LEVEL = "-Onone";
			};
			name = Debug;
		};
		FBB1E51C2902CAEA00D34131 /* Release */ = {
			isa = XCBuildConfiguration;
			buildSettings = {
				ALWAYS_SEARCH_USER_PATHS = NO;
				CLANG_ANALYZER_NONNULL = YES;
				CLANG_ANALYZER_NUMBER_OBJECT_CONVERSION = YES_AGGRESSIVE;
				CLANG_CXX_LANGUAGE_STANDARD = "gnu++20";
				CLANG_ENABLE_MODULES = YES;
				CLANG_ENABLE_OBJC_ARC = YES;
				CLANG_ENABLE_OBJC_WEAK = YES;
				CLANG_WARN_BLOCK_CAPTURE_AUTORELEASING = YES;
				CLANG_WARN_BOOL_CONVERSION = YES;
				CLANG_WARN_COMMA = YES;
				CLANG_WARN_CONSTANT_CONVERSION = YES;
				CLANG_WARN_DEPRECATED_OBJC_IMPLEMENTATIONS = YES;
				CLANG_WARN_DIRECT_OBJC_ISA_USAGE = YES_ERROR;
				CLANG_WARN_DOCUMENTATION_COMMENTS = YES;
				CLANG_WARN_EMPTY_BODY = YES;
				CLANG_WARN_ENUM_CONVERSION = YES;
				CLANG_WARN_INFINITE_RECURSION = YES;
				CLANG_WARN_INT_CONVERSION = YES;
				CLANG_WARN_NON_LITERAL_NULL_CONVERSION = YES;
				CLANG_WARN_OBJC_IMPLICIT_RETAIN_SELF = YES;
				CLANG_WARN_OBJC_LITERAL_CONVERSION = YES;
				CLANG_WARN_OBJC_ROOT_CLASS = YES_ERROR;
				CLANG_WARN_QUOTED_INCLUDE_IN_FRAMEWORK_HEADER = YES;
				CLANG_WARN_RANGE_LOOP_ANALYSIS = YES;
				CLANG_WARN_STRICT_PROTOTYPES = YES;
				CLANG_WARN_SUSPICIOUS_MOVE = YES;
				CLANG_WARN_UNGUARDED_AVAILABILITY = YES_AGGRESSIVE;
				CLANG_WARN_UNREACHABLE_CODE = YES;
				CLANG_WARN__DUPLICATE_METHOD_MATCH = YES;
				COPY_PHASE_STRIP = NO;
				DEBUG_INFORMATION_FORMAT = "dwarf-with-dsym";
				ENABLE_NS_ASSERTIONS = NO;
				ENABLE_STRICT_OBJC_MSGSEND = YES;
				GCC_C_LANGUAGE_STANDARD = gnu11;
				GCC_NO_COMMON_BLOCKS = YES;
				GCC_WARN_64_TO_32_BIT_CONVERSION = YES;
				GCC_WARN_ABOUT_RETURN_TYPE = YES_ERROR;
				GCC_WARN_UNDECLARED_SELECTOR = YES;
				GCC_WARN_UNINITIALIZED_AUTOS = YES_AGGRESSIVE;
				GCC_WARN_UNUSED_FUNCTION = YES;
				GCC_WARN_UNUSED_VARIABLE = YES;
				IPHONEOS_DEPLOYMENT_TARGET = 16.0;
				MTL_ENABLE_DEBUG_INFO = NO;
				MTL_FAST_MATH = YES;
				SDKROOT = iphoneos;
				SWIFT_COMPILATION_MODE = wholemodule;
				SWIFT_OPTIMIZATION_LEVEL = "-O";
				VALIDATE_PRODUCT = YES;
			};
			name = Release;
		};
		FBB1E51E2902CAEA00D34131 /* Debug */ = {
			isa = XCBuildConfiguration;
			buildSettings = {
				ASSETCATALOG_COMPILER_APPICON_NAME = AppIcon;
				ASSETCATALOG_COMPILER_GLOBAL_ACCENT_COLOR_NAME = AccentColor;
				CODE_SIGN_STYLE = Automatic;
				CURRENT_PROJECT_VERSION = 1;
				GENERATE_INFOPLIST_FILE = YES;
				INFOPLIST_FILE = appMultimedia/Info.plist;
				INFOPLIST_KEY_UIApplicationSupportsIndirectInputEvents = YES;
				INFOPLIST_KEY_UILaunchStoryboardName = LaunchScreen;
				INFOPLIST_KEY_UIMainStoryboardFile = Main;
				INFOPLIST_KEY_UISupportedInterfaceOrientations_iPad = "UIInterfaceOrientationPortrait UIInterfaceOrientationPortraitUpsideDown UIInterfaceOrientationLandscapeLeft UIInterfaceOrientationLandscapeRight";
				INFOPLIST_KEY_UISupportedInterfaceOrientations_iPhone = "UIInterfaceOrientationPortrait UIInterfaceOrientationLandscapeLeft UIInterfaceOrientationLandscapeRight";
				LD_RUNPATH_SEARCH_PATHS = (
					"$(inherited)",
					"@executable_path/Frameworks",
				);
				MARKETING_VERSION = 1.0;
				PRODUCT_BUNDLE_IDENTIFIER = A01236054.appMultimedia;
				PRODUCT_NAME = "$(TARGET_NAME)";
				SWIFT_EMIT_LOC_STRINGS = YES;
				SWIFT_VERSION = 5.0;
				TARGETED_DEVICE_FAMILY = "1,2";
			};
			name = Debug;
		};
		FBB1E51F2902CAEA00D34131 /* Release */ = {
			isa = XCBuildConfiguration;
			buildSettings = {
				ASSETCATALOG_COMPILER_APPICON_NAME = AppIcon;
				ASSETCATALOG_COMPILER_GLOBAL_ACCENT_COLOR_NAME = AccentColor;
				CODE_SIGN_STYLE = Automatic;
				CURRENT_PROJECT_VERSION = 1;
				GENERATE_INFOPLIST_FILE = YES;
				INFOPLIST_FILE = appMultimedia/Info.plist;
				INFOPLIST_KEY_UIApplicationSupportsIndirectInputEvents = YES;
				INFOPLIST_KEY_UILaunchStoryboardName = LaunchScreen;
				INFOPLIST_KEY_UIMainStoryboardFile = Main;
				INFOPLIST_KEY_UISupportedInterfaceOrientations_iPad = "UIInterfaceOrientationPortrait UIInterfaceOrientationPortraitUpsideDown UIInterfaceOrientationLandscapeLeft UIInterfaceOrientationLandscapeRight";
				INFOPLIST_KEY_UISupportedInterfaceOrientations_iPhone = "UIInterfaceOrientationPortrait UIInterfaceOrientationLandscapeLeft UIInterfaceOrientationLandscapeRight";
				LD_RUNPATH_SEARCH_PATHS = (
					"$(inherited)",
					"@executable_path/Frameworks",
				);
				MARKETING_VERSION = 1.0;
				PRODUCT_BUNDLE_IDENTIFIER = A01236054.appMultimedia;
				PRODUCT_NAME = "$(TARGET_NAME)";
				SWIFT_EMIT_LOC_STRINGS = YES;
				SWIFT_VERSION = 5.0;
				TARGETED_DEVICE_FAMILY = "1,2";
			};
			name = Release;
		};
/* End XCBuildConfiguration section */

/* Begin XCConfigurationList section */
		FBB1E5042902CAE800D34131 /* Build configuration list for PBXProject "appMultimedia" */ = {
			isa = XCConfigurationList;
			buildConfigurations = (
				FBB1E51B2902CAEA00D34131 /* Debug */,
				FBB1E51C2902CAEA00D34131 /* Release */,
			);
			defaultConfigurationIsVisible = 0;
			defaultConfigurationName = Release;
		};
		FBB1E51D2902CAEA00D34131 /* Build configuration list for PBXNativeTarget "appMultimedia" */ = {
			isa = XCConfigurationList;
			buildConfigurations = (
				FBB1E51E2902CAEA00D34131 /* Debug */,
				FBB1E51F2902CAEA00D34131 /* Release */,
			);
			defaultConfigurationIsVisible = 0;
			defaultConfigurationName = Release;
		};
/* End XCConfigurationList section */
	};
	rootObject = FBB1E5012902CAE800D34131 /* Project object */;
}
